// !$*UTF8*$!
{
	archiveVersion = 1;
	classes = {
	};
	objectVersion = 55;
	objects = {

/* Begin PBXBuildFile section */
		102C3E25286036C40049215B /* HomeViewController.swift in Sources */ = {isa = PBXBuildFile; fileRef = 102C3E24286036C40049215B /* HomeViewController.swift */; };
		102C3E27286036CF0049215B /* DictionaryViewController.swift in Sources */ = {isa = PBXBuildFile; fileRef = 102C3E26286036CF0049215B /* DictionaryViewController.swift */; };
		102C3E29286036D70049215B /* ProfileViewController.swift in Sources */ = {isa = PBXBuildFile; fileRef = 102C3E28286036D70049215B /* ProfileViewController.swift */; };
		102FE30C285EF1940019244E /* ComponentKit in Frameworks */ = {isa = PBXBuildFile; productRef = 102FE30B285EF1940019244E /* ComponentKit */; };
		102FE315285EF53C0019244E /* Utils.swift in Sources */ = {isa = PBXBuildFile; fileRef = 102FE314285EF53C0019244E /* Utils.swift */; };
		108AA9842862C3250077944C /* FlashCardViewController.swift in Sources */ = {isa = PBXBuildFile; fileRef = 108AA9832862C3250077944C /* FlashCardViewController.swift */; };
		108AA9882862CC400077944C /* FlashCardCell.swift in Sources */ = {isa = PBXBuildFile; fileRef = 108AA9872862CC400077944C /* FlashCardCell.swift */; };
		10BBC36B285FD2D000B74E6B /* StudySet.swift in Sources */ = {isa = PBXBuildFile; fileRef = 10BBC36A285FD2D000B74E6B /* StudySet.swift */; };
		10BBC36D285FD46300B74E6B /* DataProvider.swift in Sources */ = {isa = PBXBuildFile; fileRef = 10BBC36C285FD46300B74E6B /* DataProvider.swift */; };
		10BBC370285FE2EE00B74E6B /* StudySetCell.swift in Sources */ = {isa = PBXBuildFile; fileRef = 10BBC36F285FE2EE00B74E6B /* StudySetCell.swift */; };
		10C6FA222863E6D900E11126 /* TestViewController.swift in Sources */ = {isa = PBXBuildFile; fileRef = 10C6FA212863E6D900E11126 /* TestViewController.swift */; };
		10C6FA242863EB6200E11126 /* TestCell.swift in Sources */ = {isa = PBXBuildFile; fileRef = 10C6FA232863EB6200E11126 /* TestCell.swift */; };
		10E07C7F2856CA9200DACDF5 /* LoginViewController.swift in Sources */ = {isa = PBXBuildFile; fileRef = 10E07C7E2856CA9200DACDF5 /* LoginViewController.swift */; };
		10E07C812856CB1B00DACDF5 /* SignupViewController.swift in Sources */ = {isa = PBXBuildFile; fileRef = 10E07C802856CB1B00DACDF5 /* SignupViewController.swift */; };
		10E3BB642853E5250077C228 /* AppDelegate.swift in Sources */ = {isa = PBXBuildFile; fileRef = 10E3BB632853E5250077C228 /* AppDelegate.swift */; };
		10E3BB662853E5250077C228 /* SceneDelegate.swift in Sources */ = {isa = PBXBuildFile; fileRef = 10E3BB652853E5250077C228 /* SceneDelegate.swift */; };
		10E3BB682853E5250077C228 /* WelcomeViewController.swift in Sources */ = {isa = PBXBuildFile; fileRef = 10E3BB672853E5250077C228 /* WelcomeViewController.swift */; };
		10E3BB6B2853E5250077C228 /* Main.storyboard in Resources */ = {isa = PBXBuildFile; fileRef = 10E3BB692853E5250077C228 /* Main.storyboard */; };
		10E3BB6D2853E5270077C228 /* Assets.xcassets in Resources */ = {isa = PBXBuildFile; fileRef = 10E3BB6C2853E5270077C228 /* Assets.xcassets */; };
		10E3BB702853E5270077C228 /* LaunchScreen.storyboard in Resources */ = {isa = PBXBuildFile; fileRef = 10E3BB6E2853E5270077C228 /* LaunchScreen.storyboard */; };
		10E3BB9B285402640077C228 /* Roboto-Regular.ttf in Resources */ = {isa = PBXBuildFile; fileRef = 10E3BB9A285402640077C228 /* Roboto-Regular.ttf */; };
		10E3BB9D285402770077C228 /* Roboto-Bold.ttf in Resources */ = {isa = PBXBuildFile; fileRef = 10E3BB9C285402770077C228 /* Roboto-Bold.ttf */; };
		10E3BB9F2854029D0077C228 /* Roboto-Italic.ttf in Resources */ = {isa = PBXBuildFile; fileRef = 10E3BB9E2854029D0077C228 /* Roboto-Italic.ttf */; };
/* End PBXBuildFile section */

/* Begin PBXFileReference section */
		102C3E24286036C40049215B /* HomeViewController.swift */ = {isa = PBXFileReference; lastKnownFileType = sourcecode.swift; path = HomeViewController.swift; sourceTree = "<group>"; };
		102C3E26286036CF0049215B /* DictionaryViewController.swift */ = {isa = PBXFileReference; lastKnownFileType = sourcecode.swift; path = DictionaryViewController.swift; sourceTree = "<group>"; };
		102C3E28286036D70049215B /* ProfileViewController.swift */ = {isa = PBXFileReference; lastKnownFileType = sourcecode.swift; path = ProfileViewController.swift; sourceTree = "<group>"; };
		102FE314285EF53C0019244E /* Utils.swift */ = {isa = PBXFileReference; lastKnownFileType = sourcecode.swift; path = Utils.swift; sourceTree = "<group>"; };
		108AA9832862C3250077944C /* FlashCardViewController.swift */ = {isa = PBXFileReference; lastKnownFileType = sourcecode.swift; path = FlashCardViewController.swift; sourceTree = "<group>"; };
		108AA9872862CC400077944C /* FlashCardCell.swift */ = {isa = PBXFileReference; lastKnownFileType = sourcecode.swift; path = FlashCardCell.swift; sourceTree = "<group>"; };
		10BBC36A285FD2D000B74E6B /* StudySet.swift */ = {isa = PBXFileReference; lastKnownFileType = sourcecode.swift; path = StudySet.swift; sourceTree = "<group>"; };
		10BBC36C285FD46300B74E6B /* DataProvider.swift */ = {isa = PBXFileReference; lastKnownFileType = sourcecode.swift; path = DataProvider.swift; sourceTree = "<group>"; };
		10BBC36F285FE2EE00B74E6B /* StudySetCell.swift */ = {isa = PBXFileReference; lastKnownFileType = sourcecode.swift; path = StudySetCell.swift; sourceTree = "<group>"; };
		10C6FA212863E6D900E11126 /* TestViewController.swift */ = {isa = PBXFileReference; lastKnownFileType = sourcecode.swift; path = TestViewController.swift; sourceTree = "<group>"; };
		10C6FA232863EB6200E11126 /* TestCell.swift */ = {isa = PBXFileReference; lastKnownFileType = sourcecode.swift; path = TestCell.swift; sourceTree = "<group>"; };
		10E07C7E2856CA9200DACDF5 /* LoginViewController.swift */ = {isa = PBXFileReference; lastKnownFileType = sourcecode.swift; path = LoginViewController.swift; sourceTree = "<group>"; };
		10E07C802856CB1B00DACDF5 /* SignupViewController.swift */ = {isa = PBXFileReference; lastKnownFileType = sourcecode.swift; path = SignupViewController.swift; sourceTree = "<group>"; };
		10E3BB602853E5250077C228 /* Cardify.app */ = {isa = PBXFileReference; explicitFileType = wrapper.application; includeInIndex = 0; path = Cardify.app; sourceTree = BUILT_PRODUCTS_DIR; };
		10E3BB632853E5250077C228 /* AppDelegate.swift */ = {isa = PBXFileReference; lastKnownFileType = sourcecode.swift; path = AppDelegate.swift; sourceTree = "<group>"; };
		10E3BB652853E5250077C228 /* SceneDelegate.swift */ = {isa = PBXFileReference; lastKnownFileType = sourcecode.swift; path = SceneDelegate.swift; sourceTree = "<group>"; };
		10E3BB672853E5250077C228 /* WelcomeViewController.swift */ = {isa = PBXFileReference; lastKnownFileType = sourcecode.swift; path = WelcomeViewController.swift; sourceTree = "<group>"; };
		10E3BB6A2853E5250077C228 /* Base */ = {isa = PBXFileReference; lastKnownFileType = file.storyboard; name = Base; path = Base.lproj/Main.storyboard; sourceTree = "<group>"; };
		10E3BB6C2853E5270077C228 /* Assets.xcassets */ = {isa = PBXFileReference; lastKnownFileType = folder.assetcatalog; path = Assets.xcassets; sourceTree = "<group>"; };
		10E3BB6F2853E5270077C228 /* Base */ = {isa = PBXFileReference; lastKnownFileType = file.storyboard; name = Base; path = Base.lproj/LaunchScreen.storyboard; sourceTree = "<group>"; };
		10E3BB712853E5270077C228 /* Info.plist */ = {isa = PBXFileReference; lastKnownFileType = text.plist.xml; path = Info.plist; sourceTree = "<group>"; };
		10E3BB9A285402640077C228 /* Roboto-Regular.ttf */ = {isa = PBXFileReference; lastKnownFileType = file; name = "Roboto-Regular.ttf"; path = "../../../../../Downloads/Roboto/Roboto-Regular.ttf"; sourceTree = "<group>"; };
		10E3BB9C285402770077C228 /* Roboto-Bold.ttf */ = {isa = PBXFileReference; lastKnownFileType = file; name = "Roboto-Bold.ttf"; path = "../../../../../Downloads/Roboto/Roboto-Bold.ttf"; sourceTree = "<group>"; };
		10E3BB9E2854029D0077C228 /* Roboto-Italic.ttf */ = {isa = PBXFileReference; lastKnownFileType = file; name = "Roboto-Italic.ttf"; path = "../../../../../Downloads/Roboto/Roboto-Italic.ttf"; sourceTree = "<group>"; };
/* End PBXFileReference section */

/* Begin PBXFrameworksBuildPhase section */
		10E3BB5D2853E5250077C228 /* Frameworks */ = {
			isa = PBXFrameworksBuildPhase;
			buildActionMask = 2147483647;
			files = (
				102FE30C285EF1940019244E /* ComponentKit in Frameworks */,
			);
			runOnlyForDeploymentPostprocessing = 0;
		};
/* End PBXFrameworksBuildPhase section */

/* Begin PBXGroup section */
		102FE313285EF5320019244E /* Utils */ = {
			isa = PBXGroup;
			children = (
				102FE314285EF53C0019244E /* Utils.swift */,
			);
			path = Utils;
			sourceTree = "<group>";
		};
		10BBC369285FD2B500B74E6B /* Data */ = {
			isa = PBXGroup;
			children = (
				10BBC36A285FD2D000B74E6B /* StudySet.swift */,
				10BBC36C285FD46300B74E6B /* DataProvider.swift */,
			);
			path = Data;
			sourceTree = "<group>";
		};
		10BBC36E285FE2CC00B74E6B /* Cell */ = {
			isa = PBXGroup;
			children = (
				10BBC36F285FE2EE00B74E6B /* StudySetCell.swift */,
				108AA9872862CC400077944C /* FlashCardCell.swift */,
				10C6FA232863EB6200E11126 /* TestCell.swift */,
			);
			path = Cell;
			sourceTree = "<group>";
		};
		10E3BB572853E5250077C228 = {
			isa = PBXGroup;
			children = (
				10E3BB622853E5250077C228 /* Cardify */,
				10E3BB612853E5250077C228 /* Products */,
			);
			sourceTree = "<group>";
		};
		10E3BB612853E5250077C228 /* Products */ = {
			isa = PBXGroup;
			children = (
				10E3BB602853E5250077C228 /* Cardify.app */,
			);
			name = Products;
			sourceTree = "<group>";
		};
		10E3BB622853E5250077C228 /* Cardify */ = {
			isa = PBXGroup;
			children = (
				10BBC36E285FE2CC00B74E6B /* Cell */,
				10BBC369285FD2B500B74E6B /* Data */,
				102FE313285EF5320019244E /* Utils */,
				10E3BB632853E5250077C228 /* AppDelegate.swift */,
				10E3BB6C2853E5270077C228 /* Assets.xcassets */,
				10E3BB99285402030077C228 /* Fonts */,
				10E3BB712853E5270077C228 /* Info.plist */,
				10E3BB6E2853E5270077C228 /* LaunchScreen.storyboard */,
				10E3BB692853E5250077C228 /* Main.storyboard */,
				10E07C7E2856CA9200DACDF5 /* LoginViewController.swift */,
				10E3BB652853E5250077C228 /* SceneDelegate.swift */,
				10E07C802856CB1B00DACDF5 /* SignupViewController.swift */,
				10E3BB672853E5250077C228 /* WelcomeViewController.swift */,
				102C3E24286036C40049215B /* HomeViewController.swift */,
				102C3E26286036CF0049215B /* DictionaryViewController.swift */,
				102C3E28286036D70049215B /* ProfileViewController.swift */,
				108AA9832862C3250077944C /* FlashCardViewController.swift */,
				10C6FA212863E6D900E11126 /* TestViewController.swift */,
			);
			path = Cardify;
			sourceTree = "<group>";
		};
		10E3BB99285402030077C228 /* Fonts */ = {
			isa = PBXGroup;
			children = (
				10E3BB9E2854029D0077C228 /* Roboto-Italic.ttf */,
				10E3BB9C285402770077C228 /* Roboto-Bold.ttf */,
				10E3BB9A285402640077C228 /* Roboto-Regular.ttf */,
			);
			path = Fonts;
			sourceTree = "<group>";
		};
/* End PBXGroup section */

/* Begin PBXNativeTarget section */
		10E3BB5F2853E5250077C228 /* Cardify */ = {
			isa = PBXNativeTarget;
			buildConfigurationList = 10E3BB742853E5270077C228 /* Build configuration list for PBXNativeTarget "Cardify" */;
			buildPhases = (
				10E3BB5C2853E5250077C228 /* Sources */,
				10E3BB5D2853E5250077C228 /* Frameworks */,
				10E3BB5E2853E5250077C228 /* Resources */,
			);
			buildRules = (
			);
			dependencies = (
			);
			name = Cardify;
			packageProductDependencies = (
				102FE30B285EF1940019244E /* ComponentKit */,
			);
			productName = Cardify;
			productReference = 10E3BB602853E5250077C228 /* Cardify.app */;
			productType = "com.apple.product-type.application";
		};
/* End PBXNativeTarget section */

/* Begin PBXProject section */
		10E3BB582853E5250077C228 /* Project object */ = {
			isa = PBXProject;
			attributes = {
				BuildIndependentTargetsInParallel = 1;
				LastSwiftUpdateCheck = 1340;
				LastUpgradeCheck = 1340;
				TargetAttributes = {
					10E3BB5F2853E5250077C228 = {
						CreatedOnToolsVersion = 13.4.1;
					};
				};
			};
			buildConfigurationList = 10E3BB5B2853E5250077C228 /* Build configuration list for PBXProject "Cardify" */;
			compatibilityVersion = "Xcode 13.0";
			developmentRegion = en;
			hasScannedForEncodings = 0;
			knownRegions = (
				en,
				Base,
			);
			mainGroup = 10E3BB572853E5250077C228;
			packageReferences = (
				102FE30A285EF1940019244E /* XCRemoteSwiftPackageReference "ComponentKit" */,
			);
			productRefGroup = 10E3BB612853E5250077C228 /* Products */;
			projectDirPath = "";
			projectRoot = "";
			targets = (
				10E3BB5F2853E5250077C228 /* Cardify */,
			);
		};
/* End PBXProject section */

/* Begin PBXResourcesBuildPhase section */
		10E3BB5E2853E5250077C228 /* Resources */ = {
			isa = PBXResourcesBuildPhase;
			buildActionMask = 2147483647;
			files = (
				10E3BB702853E5270077C228 /* LaunchScreen.storyboard in Resources */,
				10E3BB9F2854029D0077C228 /* Roboto-Italic.ttf in Resources */,
				10E3BB6D2853E5270077C228 /* Assets.xcassets in Resources */,
				10E3BB9D285402770077C228 /* Roboto-Bold.ttf in Resources */,
				10E3BB9B285402640077C228 /* Roboto-Regular.ttf in Resources */,
				10E3BB6B2853E5250077C228 /* Main.storyboard in Resources */,
			);
			runOnlyForDeploymentPostprocessing = 0;
		};
/* End PBXResourcesBuildPhase section */

/* Begin PBXSourcesBuildPhase section */
		10E3BB5C2853E5250077C228 /* Sources */ = {
			isa = PBXSourcesBuildPhase;
			buildActionMask = 2147483647;
			files = (
				10BBC370285FE2EE00B74E6B /* StudySetCell.swift in Sources */,
				10E07C7F2856CA9200DACDF5 /* LoginViewController.swift in Sources */,
				10E3BB682853E5250077C228 /* WelcomeViewController.swift in Sources */,
				102C3E27286036CF0049215B /* DictionaryViewController.swift in Sources */,
				108AA9882862CC400077944C /* FlashCardCell.swift in Sources */,
				10BBC36B285FD2D000B74E6B /* StudySet.swift in Sources */,
				10BBC36D285FD46300B74E6B /* DataProvider.swift in Sources */,
				102C3E29286036D70049215B /* ProfileViewController.swift in Sources */,
				102C3E25286036C40049215B /* HomeViewController.swift in Sources */,
				10C6FA242863EB6200E11126 /* TestCell.swift in Sources */,
				108AA9842862C3250077944C /* FlashCardViewController.swift in Sources */,
				10C6FA222863E6D900E11126 /* TestViewController.swift in Sources */,
				10E07C812856CB1B00DACDF5 /* SignupViewController.swift in Sources */,
				102FE315285EF53C0019244E /* Utils.swift in Sources */,
				10E3BB642853E5250077C228 /* AppDelegate.swift in Sources */,
				10E3BB662853E5250077C228 /* SceneDelegate.swift in Sources */,
			);
			runOnlyForDeploymentPostprocessing = 0;
		};
/* End PBXSourcesBuildPhase section */

/* Begin PBXVariantGroup section */
		10E3BB692853E5250077C228 /* Main.storyboard */ = {
			isa = PBXVariantGroup;
			children = (
				10E3BB6A2853E5250077C228 /* Base */,
			);
			name = Main.storyboard;
			sourceTree = "<group>";
		};
		10E3BB6E2853E5270077C228 /* LaunchScreen.storyboard */ = {
			isa = PBXVariantGroup;
			children = (
				10E3BB6F2853E5270077C228 /* Base */,
			);
			name = LaunchScreen.storyboard;
			sourceTree = "<group>";
		};
/* End PBXVariantGroup section */

/* Begin XCBuildConfiguration section */
		10E3BB722853E5270077C228 /* Debug */ = {
			isa = XCBuildConfiguration;
			buildSettings = {
				ALWAYS_SEARCH_USER_PATHS = NO;
				CLANG_ANALYZER_NONNULL = YES;
				CLANG_ANALYZER_NUMBER_OBJECT_CONVERSION = YES_AGGRESSIVE;
				CLANG_CXX_LANGUAGE_STANDARD = "gnu++17";
				CLANG_ENABLE_MODULES = YES;
				CLANG_ENABLE_OBJC_ARC = YES;
				CLANG_ENABLE_OBJC_WEAK = YES;
				CLANG_WARN_BLOCK_CAPTURE_AUTORELEASING = YES;
				CLANG_WARN_BOOL_CONVERSION = YES;
				CLANG_WARN_COMMA = YES;
				CLANG_WARN_CONSTANT_CONVERSION = YES;
				CLANG_WARN_DEPRECATED_OBJC_IMPLEMENTATIONS = YES;
				CLANG_WARN_DIRECT_OBJC_ISA_USAGE = YES_ERROR;
				CLANG_WARN_DOCUMENTATION_COMMENTS = YES;
				CLANG_WARN_EMPTY_BODY = YES;
				CLANG_WARN_ENUM_CONVERSION = YES;
				CLANG_WARN_INFINITE_RECURSION = YES;
				CLANG_WARN_INT_CONVERSION = YES;
				CLANG_WARN_NON_LITERAL_NULL_CONVERSION = YES;
				CLANG_WARN_OBJC_IMPLICIT_RETAIN_SELF = YES;
				CLANG_WARN_OBJC_LITERAL_CONVERSION = YES;
				CLANG_WARN_OBJC_ROOT_CLASS = YES_ERROR;
				CLANG_WARN_QUOTED_INCLUDE_IN_FRAMEWORK_HEADER = YES;
				CLANG_WARN_RANGE_LOOP_ANALYSIS = YES;
				CLANG_WARN_STRICT_PROTOTYPES = YES;
				CLANG_WARN_SUSPICIOUS_MOVE = YES;
				CLANG_WARN_UNGUARDED_AVAILABILITY = YES_AGGRESSIVE;
				CLANG_WARN_UNREACHABLE_CODE = YES;
				CLANG_WARN__DUPLICATE_METHOD_MATCH = YES;
				COPY_PHASE_STRIP = NO;
				DEBUG_INFORMATION_FORMAT = dwarf;
				ENABLE_STRICT_OBJC_MSGSEND = YES;
				ENABLE_TESTABILITY = YES;
				GCC_C_LANGUAGE_STANDARD = gnu11;
				GCC_DYNAMIC_NO_PIC = NO;
				GCC_NO_COMMON_BLOCKS = YES;
				GCC_OPTIMIZATION_LEVEL = 0;
				GCC_PREPROCESSOR_DEFINITIONS = (
					"DEBUG=1",
					"$(inherited)",
				);
				GCC_WARN_64_TO_32_BIT_CONVERSION = YES;
				GCC_WARN_ABOUT_RETURN_TYPE = YES_ERROR;
				GCC_WARN_UNDECLARED_SELECTOR = YES;
				GCC_WARN_UNINITIALIZED_AUTOS = YES_AGGRESSIVE;
				GCC_WARN_UNUSED_FUNCTION = YES;
				GCC_WARN_UNUSED_VARIABLE = YES;
				IPHONEOS_DEPLOYMENT_TARGET = 15.5;
				MTL_ENABLE_DEBUG_INFO = INCLUDE_SOURCE;
				MTL_FAST_MATH = YES;
				ONLY_ACTIVE_ARCH = YES;
				SDKROOT = iphoneos;
				SWIFT_ACTIVE_COMPILATION_CONDITIONS = DEBUG;
				SWIFT_OPTIMIZATION_LEVEL = "-Onone";
			};
			name = Debug;
		};
		10E3BB732853E5270077C228 /* Release */ = {
			isa = XCBuildConfiguration;
			buildSettings = {
				ALWAYS_SEARCH_USER_PATHS = NO;
				CLANG_ANALYZER_NONNULL = YES;
				CLANG_ANALYZER_NUMBER_OBJECT_CONVERSION = YES_AGGRESSIVE;
				CLANG_CXX_LANGUAGE_STANDARD = "gnu++17";
				CLANG_ENABLE_MODULES = YES;
				CLANG_ENABLE_OBJC_ARC = YES;
				CLANG_ENABLE_OBJC_WEAK = YES;
				CLANG_WARN_BLOCK_CAPTURE_AUTORELEASING = YES;
				CLANG_WARN_BOOL_CONVERSION = YES;
				CLANG_WARN_COMMA = YES;
				CLANG_WARN_CONSTANT_CONVERSION = YES;
				CLANG_WARN_DEPRECATED_OBJC_IMPLEMENTATIONS = YES;
				CLANG_WARN_DIRECT_OBJC_ISA_USAGE = YES_ERROR;
				CLANG_WARN_DOCUMENTATION_COMMENTS = YES;
				CLANG_WARN_EMPTY_BODY = YES;
				CLANG_WARN_ENUM_CONVERSION = YES;
				CLANG_WARN_INFINITE_RECURSION = YES;
				CLANG_WARN_INT_CONVERSION = YES;
				CLANG_WARN_NON_LITERAL_NULL_CONVERSION = YES;
				CLANG_WARN_OBJC_IMPLICIT_RETAIN_SELF = YES;
				CLANG_WARN_OBJC_LITERAL_CONVERSION = YES;
				CLANG_WARN_OBJC_ROOT_CLASS = YES_ERROR;
				CLANG_WARN_QUOTED_INCLUDE_IN_FRAMEWORK_HEADER = YES;
				CLANG_WARN_RANGE_LOOP_ANALYSIS = YES;
				CLANG_WARN_STRICT_PROTOTYPES = YES;
				CLANG_WARN_SUSPICIOUS_MOVE = YES;
				CLANG_WARN_UNGUARDED_AVAILABILITY = YES_AGGRESSIVE;
				CLANG_WARN_UNREACHABLE_CODE = YES;
				CLANG_WARN__DUPLICATE_METHOD_MATCH = YES;
				COPY_PHASE_STRIP = NO;
				DEBUG_INFORMATION_FORMAT = "dwarf-with-dsym";
				ENABLE_NS_ASSERTIONS = NO;
				ENABLE_STRICT_OBJC_MSGSEND = YES;
				GCC_C_LANGUAGE_STANDARD = gnu11;
				GCC_NO_COMMON_BLOCKS = YES;
				GCC_WARN_64_TO_32_BIT_CONVERSION = YES;
				GCC_WARN_ABOUT_RETURN_TYPE = YES_ERROR;
				GCC_WARN_UNDECLARED_SELECTOR = YES;
				GCC_WARN_UNINITIALIZED_AUTOS = YES_AGGRESSIVE;
				GCC_WARN_UNUSED_FUNCTION = YES;
				GCC_WARN_UNUSED_VARIABLE = YES;
				IPHONEOS_DEPLOYMENT_TARGET = 15.5;
				MTL_ENABLE_DEBUG_INFO = NO;
				MTL_FAST_MATH = YES;
				SDKROOT = iphoneos;
				SWIFT_COMPILATION_MODE = wholemodule;
				SWIFT_OPTIMIZATION_LEVEL = "-O";
				VALIDATE_PRODUCT = YES;
			};
			name = Release;
		};
		10E3BB752853E5270077C228 /* Debug */ = {
			isa = XCBuildConfiguration;
			buildSettings = {
				ASSETCATALOG_COMPILER_APPICON_NAME = AppIcon;
				ASSETCATALOG_COMPILER_GLOBAL_ACCENT_COLOR_NAME = AccentColor;
				CODE_SIGN_STYLE = Automatic;
				CURRENT_PROJECT_VERSION = 1;
				GENERATE_INFOPLIST_FILE = YES;
				INFOPLIST_FILE = Cardify/Info.plist;
				INFOPLIST_KEY_UIApplicationSupportsIndirectInputEvents = YES;
				INFOPLIST_KEY_UILaunchStoryboardName = LaunchScreen;
				INFOPLIST_KEY_UIMainStoryboardFile = Main;
				INFOPLIST_KEY_UISupportedInterfaceOrientations = UIInterfaceOrientationPortrait;
				INFOPLIST_KEY_UISupportedInterfaceOrientations_iPad = "UIInterfaceOrientationPortrait UIInterfaceOrientationPortraitUpsideDown UIInterfaceOrientationLandscapeLeft UIInterfaceOrientationLandscapeRight";
				INFOPLIST_KEY_UISupportedInterfaceOrientations_iPhone = "UIInterfaceOrientationPortrait UIInterfaceOrientationLandscapeLeft UIInterfaceOrientationLandscapeRight";
				LD_RUNPATH_SEARCH_PATHS = (
					"$(inherited)",
					"@executable_path/Frameworks",
				);
				MARKETING_VERSION = 1.0;
				PRODUCT_BUNDLE_IDENTIFIER = ca.bcit.comp3912.Cardify;
				PRODUCT_NAME = "$(TARGET_NAME)";
				SWIFT_EMIT_LOC_STRINGS = YES;
				SWIFT_VERSION = 5.0;
				TARGETED_DEVICE_FAMILY = "1,2";
			};
			name = Debug;
		};
		10E3BB762853E5270077C228 /* Release */ = {
			isa = XCBuildConfiguration;
			buildSettings = {
				ASSETCATALOG_COMPILER_APPICON_NAME = AppIcon;
				ASSETCATALOG_COMPILER_GLOBAL_ACCENT_COLOR_NAME = AccentColor;
				CODE_SIGN_STYLE = Automatic;
				CURRENT_PROJECT_VERSION = 1;
				GENERATE_INFOPLIST_FILE = YES;
				INFOPLIST_FILE = Cardify/Info.plist;
				INFOPLIST_KEY_UIApplicationSupportsIndirectInputEvents = YES;
				INFOPLIST_KEY_UILaunchStoryboardName = LaunchScreen;
				INFOPLIST_KEY_UIMainStoryboardFile = Main;
				INFOPLIST_KEY_UISupportedInterfaceOrientations = UIInterfaceOrientationPortrait;
				INFOPLIST_KEY_UISupportedInterfaceOrientations_iPad = "UIInterfaceOrientationPortrait UIInterfaceOrientationPortraitUpsideDown UIInterfaceOrientationLandscapeLeft UIInterfaceOrientationLandscapeRight";
				INFOPLIST_KEY_UISupportedInterfaceOrientations_iPhone = "UIInterfaceOrientationPortrait UIInterfaceOrientationLandscapeLeft UIInterfaceOrientationLandscapeRight";
				LD_RUNPATH_SEARCH_PATHS = (
					"$(inherited)",
					"@executable_path/Frameworks",
				);
				MARKETING_VERSION = 1.0;
				PRODUCT_BUNDLE_IDENTIFIER = ca.bcit.comp3912.Cardify;
				PRODUCT_NAME = "$(TARGET_NAME)";
				SWIFT_EMIT_LOC_STRINGS = YES;
				SWIFT_VERSION = 5.0;
				TARGETED_DEVICE_FAMILY = "1,2";
			};
			name = Release;
		};
/* End XCBuildConfiguration section */

/* Begin XCConfigurationList section */
		10E3BB5B2853E5250077C228 /* Build configuration list for PBXProject "Cardify" */ = {
			isa = XCConfigurationList;
			buildConfigurations = (
				10E3BB722853E5270077C228 /* Debug */,
				10E3BB732853E5270077C228 /* Release */,
			);
			defaultConfigurationIsVisible = 0;
			defaultConfigurationName = Release;
		};
		10E3BB742853E5270077C228 /* Build configuration list for PBXNativeTarget "Cardify" */ = {
			isa = XCConfigurationList;
			buildConfigurations = (
				10E3BB752853E5270077C228 /* Debug */,
				10E3BB762853E5270077C228 /* Release */,
			);
			defaultConfigurationIsVisible = 0;
			defaultConfigurationName = Release;
		};
/* End XCConfigurationList section */

/* Begin XCRemoteSwiftPackageReference section */
		102FE30A285EF1940019244E /* XCRemoteSwiftPackageReference "ComponentKit" */ = {
			isa = XCRemoteSwiftPackageReference;
			repositoryURL = "https://github.com/lliang826/ComponentKit";
			requirement = {
				branch = main;
				kind = branch;
			};
		};
/* End XCRemoteSwiftPackageReference section */

/* Begin XCSwiftPackageProductDependency section */
		102FE30B285EF1940019244E /* ComponentKit */ = {
			isa = XCSwiftPackageProductDependency;
			package = 102FE30A285EF1940019244E /* XCRemoteSwiftPackageReference "ComponentKit" */;
			productName = ComponentKit;
		};
/* End XCSwiftPackageProductDependency section */
	};
	rootObject = 10E3BB582853E5250077C228 /* Project object */;
}
